
Microsoft Visual Studio Solution File, Format Version 12.00
# Visual Studio 15
VisualStudioVersion = 15.0.26730.15
MinimumVisualStudioVersion = 10.0.40219.1
Project("{FAE04EC0-301F-11D3-BF4B-00C04F79EFBC}") = "ViewPhoto", "C:\Users\Александр\source\repos\ViewPhoto\ViewPhoto\ViewPhoto.csproj", "{0FD17FA5-EB2E-4149-9344-56C21C824027}"
EndProject
Global
	GlobalSection(SolutionConfigurationPlatforms) = preSolution
		Debug|Any CPU = Debug|Any CPU
		Release|Any CPU = Release|Any CPU
	EndGlobalSection
	GlobalSection(ProjectConfigurationPlatforms) = postSolution
		{0FD17FA5-EB2E-4149-9344-56C21C824027}.Debug|Any CPU.ActiveCfg = Debug|Any CPU
		{0FD17FA5-EB2E-4149-9344-56C21C824027}.Debug|Any CPU.Build.0 = Debug|Any CPU
		{0FD17FA5-EB2E-4149-9344-56C21C824027}.Release|Any CPU.ActiveCfg = Release|Any CPU
		{0FD17FA5-EB2E-4149-9344-56C21C824027}.Release|Any CPU.Build.0 = Release|Any CPU
	EndGlobalSection
	GlobalSection(SolutionProperties) = preSolution
		HideSolutionNode = FALSE
	EndGlobalSection
	GlobalSection(ExtensibilityGlobals) = postSolution
		SolutionGuid = {868C9126-FCF7-4AF6-BAE4-06443D0FCFDE}
	EndGlobalSection
EndGlobal
